
Microsoft Visual Studio Solution File, Format Version 12.00
# Visual Studio Version 16
VisualStudioVersion = 16.0.29911.84
MinimumVisualStudioVersion = 10.0.40219.1
Project("{FAE04EC0-301F-11D3-BF4B-00C04F79EFBC}") = "Aspnet.SignalIR.Course", "Aspnet.SignalIR.Course\Aspnet.SignalIR.Course.csproj", "{0A698426-C807-4E3E-B5C3-1BA7A1F6411E}"
EndProject
Global
	GlobalSection(SolutionConfigurationPlatforms) = preSolution
		Debug|Any CPU = Debug|Any CPU
		Release|Any CPU = Release|Any CPU
	EndGlobalSection
	GlobalSection(ProjectConfigurationPlatforms) = postSolution
		{0A698426-C807-4E3E-B5C3-1BA7A1F6411E}.Debug|Any CPU.ActiveCfg = Debug|Any CPU
		{0A698426-C807-4E3E-B5C3-1BA7A1F6411E}.Debug|Any CPU.Build.0 = Debug|Any CPU
		{0A698426-C807-4E3E-B5C3-1BA7A1F6411E}.Release|Any CPU.ActiveCfg = Release|Any CPU
		{0A698426-C807-4E3E-B5C3-1BA7A1F6411E}.Release|Any CPU.Build.0 = Release|Any CPU
	EndGlobalSection
	GlobalSection(SolutionProperties) = preSolution
		HideSolutionNode = FALSE
	EndGlobalSection
	GlobalSection(ExtensibilityGlobals) = postSolution
		SolutionGuid = {705C3A45-17D3-4888-A117-BC4AAD83676D}
	EndGlobalSection
EndGlobal
